
Microsoft Visual Studio Solution File, Format Version 12.00
# Visual Studio Version 16
VisualStudioVersion = 16.0.810.20
MinimumVisualStudioVersion = 10.0.40219.1
Project("{FAE04EC0-301F-11D3-BF4B-00C04F79EFBC}") = "Exponentstable", "Exponentstable\Exponentstable.csproj", "{D5D22B5F-5BC1-41CE-903D-383FE26766BA}"
EndProject
Global
	GlobalSection(SolutionConfigurationPlatforms) = preSolution
		Debug|Any CPU = Debug|Any CPU
		Release|Any CPU = Release|Any CPU
	EndGlobalSection
	GlobalSection(ProjectConfigurationPlatforms) = postSolution
		{D5D22B5F-5BC1-41CE-903D-383FE26766BA}.Debug|Any CPU.ActiveCfg = Debug|Any CPU
		{D5D22B5F-5BC1-41CE-903D-383FE26766BA}.Debug|Any CPU.Build.0 = Debug|Any CPU
		{D5D22B5F-5BC1-41CE-903D-383FE26766BA}.Release|Any CPU.ActiveCfg = Release|Any CPU
		{D5D22B5F-5BC1-41CE-903D-383FE26766BA}.Release|Any CPU.Build.0 = Release|Any CPU
	EndGlobalSection
	GlobalSection(SolutionProperties) = preSolution
		HideSolutionNode = FALSE
	EndGlobalSection
	GlobalSection(ExtensibilityGlobals) = postSolution
		SolutionGuid = {3F3E257A-34DC-4B33-A977-244A39FA4E2D}
	EndGlobalSection
EndGlobal
